
Microsoft Visual Studio Solution File, Format Version 12.00
# Visual Studio 15
VisualStudioVersion = 15.0.28307.168
MinimumVisualStudioVersion = 10.0.40219.1
Project("{FAE04EC0-301F-11D3-BF4B-00C04F79EFBC}") = "App01_ConsultarCEP.Android", "App01_ConsultarCEP\App01_ConsultarCEP.Android\App01_ConsultarCEP.Android.csproj", "{7E3DA35A-BBA0-4ADF-83BD-BF942E0874BD}"
EndProject
Project("{FAE04EC0-301F-11D3-BF4B-00C04F79EFBC}") = "App01_ConsultarCEP.iOS", "App01_ConsultarCEP\App01_ConsultarCEP.iOS\App01_ConsultarCEP.iOS.csproj", "{3B42CF8F-7DDD-424E-9492-773487E951CA}"
EndProject
Project("{FAE04EC0-301F-11D3-BF4B-00C04F79EFBC}") = "App01_ConsultarCEP", "App01_ConsultarCEP\App01_ConsultarCEP\App01_ConsultarCEP.csproj", "{6D9E33D4-2515-409A-B435-02E5AD0CCFC9}"
EndProject
Global
	GlobalSection(SolutionConfigurationPlatforms) = preSolution
		Ad-Hoc|Any CPU = Ad-Hoc|Any CPU
		Ad-Hoc|iPhone = Ad-Hoc|iPhone
		Ad-Hoc|iPhoneSimulator = Ad-Hoc|iPhoneSimulator
		AppStore|Any CPU = AppStore|Any CPU
		AppStore|iPhone = AppStore|iPhone
		AppStore|iPhoneSimulator = AppStore|iPhoneSimulator
		Debug|Any CPU = Debug|Any CPU
		Debug|iPhone = Debug|iPhone
		Debug|iPhoneSimulator = Debug|iPhoneSimulator
		Release|Any CPU = Release|Any CPU
		Release|iPhone = Release|iPhone
		Release|iPhoneSimulator = Release|iPhoneSimulator
	EndGlobalSection
	GlobalSection(ProjectConfigurationPlatforms) = postSolution
		{7E3DA35A-BBA0-4ADF-83BD-BF942E0874BD}.Ad-Hoc|Any CPU.ActiveCfg = Release|Any CPU
		{7E3DA35A-BBA0-4ADF-83BD-BF942E0874BD}.Ad-Hoc|Any CPU.Build.0 = Release|Any CPU
		{7E3DA35A-BBA0-4ADF-83BD-BF942E0874BD}.Ad-Hoc|Any CPU.Deploy.0 = Release|Any CPU
		{7E3DA35A-BBA0-4ADF-83BD-BF942E0874BD}.Ad-Hoc|iPhone.ActiveCfg = Release|Any CPU
		{7E3DA35A-BBA0-4ADF-83BD-BF942E0874BD}.Ad-Hoc|iPhone.Build.0 = Release|Any CPU
		{7E3DA35A-BBA0-4ADF-83BD-BF942E0874BD}.Ad-Hoc|iPhone.Deploy.0 = Release|Any CPU
		{7E3DA35A-BBA0-4ADF-83BD-BF942E0874BD}.Ad-Hoc|iPhoneSimulator.ActiveCfg = Release|Any CPU
		{7E3DA35A-BBA0-4ADF-83BD-BF942E0874BD}.Ad-Hoc|iPhoneSimulator.Build.0 = Release|Any CPU
		{7E3DA35A-BBA0-4ADF-83BD-BF942E0874BD}.Ad-Hoc|iPhoneSimulator.Deploy.0 = Release|Any CPU
		{7E3DA35A-BBA0-4ADF-83BD-BF942E0874BD}.AppStore|Any CPU.ActiveCfg = Release|Any CPU
		{7E3DA35A-BBA0-4ADF-83BD-BF942E0874BD}.AppStore|Any CPU.Build.0 = Release|Any CPU
		{7E3DA35A-BBA0-4ADF-83BD-BF942E0874BD}.AppStore|Any CPU.Deploy.0 = Release|Any CPU
		{7E3DA35A-BBA0-4ADF-83BD-BF942E0874BD}.AppStore|iPhone.ActiveCfg = Release|Any CPU
		{7E3DA35A-BBA0-4ADF-83BD-BF942E0874BD}.AppStore|iPhone.Build.0 = Release|Any CPU
		{7E3DA35A-BBA0-4ADF-83BD-BF942E0874BD}.AppStore|iPhone.Deploy.0 = Release|Any CPU
		{7E3DA35A-BBA0-4ADF-83BD-BF942E0874BD}.AppStore|iPhoneSimulator.ActiveCfg = Release|Any CPU
		{7E3DA35A-BBA0-4ADF-83BD-BF942E0874BD}.AppStore|iPhoneSimulator.Build.0 = Release|Any CPU
		{7E3DA35A-BBA0-4ADF-83BD-BF942E0874BD}.AppStore|iPhoneSimulator.Deploy.0 = Release|Any CPU
		{7E3DA35A-BBA0-4ADF-83BD-BF942E0874BD}.Debug|Any CPU.ActiveCfg = Debug|Any CPU
		{7E3DA35A-BBA0-4ADF-83BD-BF942E0874BD}.Debug|Any CPU.Build.0 = Debug|Any CPU
		{7E3DA35A-BBA0-4ADF-83BD-BF942E0874BD}.Debug|Any CPU.Deploy.0 = Debug|Any CPU
		{7E3DA35A-BBA0-4ADF-83BD-BF942E0874BD}.Debug|iPhone.ActiveCfg = Debug|Any CPU
		{7E3DA35A-BBA0-4ADF-83BD-BF942E0874BD}.Debug|iPhone.Build.0 = Debug|Any CPU
		{7E3DA35A-BBA0-4ADF-83BD-BF942E0874BD}.Debug|iPhone.Deploy.0 = Debug|Any CPU
		{7E3DA35A-BBA0-4ADF-83BD-BF942E0874BD}.Debug|iPhoneSimulator.ActiveCfg = Debug|Any CPU
		{7E3DA35A-BBA0-4ADF-83BD-BF942E0874BD}.Debug|iPhoneSimulator.Build.0 = Debug|Any CPU
		{7E3DA35A-BBA0-4ADF-83BD-BF942E0874BD}.Debug|iPhoneSimulator.Deploy.0 = Debug|Any CPU
		{7E3DA35A-BBA0-4ADF-83BD-BF942E0874BD}.Release|Any CPU.ActiveCfg = Release|Any CPU
		{7E3DA35A-BBA0-4ADF-83BD-BF942E0874BD}.Release|Any CPU.Build.0 = Release|Any CPU
		{7E3DA35A-BBA0-4ADF-83BD-BF942E0874BD}.Release|Any CPU.Deploy.0 = Release|Any CPU
		{7E3DA35A-BBA0-4ADF-83BD-BF942E0874BD}.Release|iPhone.ActiveCfg = Release|Any CPU
		{7E3DA35A-BBA0-4ADF-83BD-BF942E0874BD}.Release|iPhone.Build.0 = Release|Any CPU
		{7E3DA35A-BBA0-4ADF-83BD-BF942E0874BD}.Release|iPhone.Deploy.0 = Release|Any CPU
		{7E3DA35A-BBA0-4ADF-83BD-BF942E0874BD}.Release|iPhoneSimulator.ActiveCfg = Release|Any CPU
		{7E3DA35A-BBA0-4ADF-83BD-BF942E0874BD}.Release|iPhoneSimulator.Build.0 = Release|Any CPU
		{7E3DA35A-BBA0-4ADF-83BD-BF942E0874BD}.Release|iPhoneSimulator.Deploy.0 = Release|Any CPU
		{3B42CF8F-7DDD-424E-9492-773487E951CA}.Ad-Hoc|Any CPU.ActiveCfg = Ad-Hoc|iPhone
		{3B42CF8F-7DDD-424E-9492-773487E951CA}.Ad-Hoc|Any CPU.Build.0 = Ad-Hoc|iPhone
		{3B42CF8F-7DDD-424E-9492-773487E951CA}.Ad-Hoc|Any CPU.Deploy.0 = Ad-Hoc|iPhone
		{3B42CF8F-7DDD-424E-9492-773487E951CA}.Ad-Hoc|iPhone.ActiveCfg = Ad-Hoc|iPhone
		{3B42CF8F-7DDD-424E-9492-773487E951CA}.Ad-Hoc|iPhone.Build.0 = Ad-Hoc|iPhone
		{3B42CF8F-7DDD-424E-9492-773487E951CA}.Ad-Hoc|iPhone.Deploy.0 = Ad-Hoc|iPhone
		{3B42CF8F-7DDD-424E-9492-773487E951CA}.Ad-Hoc|iPhoneSimulator.ActiveCfg = Ad-Hoc|iPhoneSimulator
		{3B42CF8F-7DDD-424E-9492-773487E951CA}.Ad-Hoc|iPhoneSimulator.Build.0 = Ad-Hoc|iPhoneSimulator
		{3B42CF8F-7DDD-424E-9492-773487E951CA}.Ad-Hoc|iPhoneSimulator.Deploy.0 = Ad-Hoc|iPhoneSimulator
		{3B42CF8F-7DDD-424E-9492-773487E951CA}.AppStore|Any CPU.ActiveCfg = AppStore|iPhone
		{3B42CF8F-7DDD-424E-9492-773487E951CA}.AppStore|Any CPU.Build.0 = AppStore|iPhone
		{3B42CF8F-7DDD-424E-9492-773487E951CA}.AppStore|Any CPU.Deploy.0 = AppStore|iPhone
		{3B42CF8F-7DDD-424E-9492-773487E951CA}.AppStore|iPhone.ActiveCfg = AppStore|iPhone
		{3B42CF8F-7DDD-424E-9492-773487E951CA}.AppStore|iPhone.Build.0 = AppStore|iPhone
		{3B42CF8F-7DDD-424E-9492-773487E951CA}.AppStore|iPhone.Deploy.0 = AppStore|iPhone
		{3B42CF8F-7DDD-424E-9492-773487E951CA}.AppStore|iPhoneSimulator.ActiveCfg = AppStore|iPhoneSimulator
		{3B42CF8F-7DDD-424E-9492-773487E951CA}.AppStore|iPhoneSimulator.Build.0 = AppStore|iPhoneSimulator
		{3B42CF8F-7DDD-424E-9492-773487E951CA}.AppStore|iPhoneSimulator.Deploy.0 = AppStore|iPhoneSimulator
		{3B42CF8F-7DDD-424E-9492-773487E951CA}.Debug|Any CPU.ActiveCfg = Debug|iPhoneSimulator
		{3B42CF8F-7DDD-424E-9492-773487E951CA}.Debug|Any CPU.Build.0 = Debug|iPhoneSimulator
		{3B42CF8F-7DDD-424E-9492-773487E951CA}.Debug|Any CPU.Deploy.0 = Debug|iPhoneSimulator
		{3B42CF8F-7DDD-424E-9492-773487E951CA}.Debug|iPhone.ActiveCfg = Debug|iPhone
		{3B42CF8F-7DDD-424E-9492-773487E951CA}.Debug|iPhone.Build.0 = Debug|iPhone
		{3B42CF8F-7DDD-424E-9492-773487E951CA}.Debug|iPhone.Deploy.0 = Debug|iPhone
		{3B42CF8F-7DDD-424E-9492-773487E951CA}.Debug|iPhoneSimulator.ActiveCfg = Debug|iPhoneSimulator
		{3B42CF8F-7DDD-424E-9492-773487E951CA}.Debug|iPhoneSimulator.Build.0 = Debug|iPhoneSimulator
		{3B42CF8F-7DDD-424E-9492-773487E951CA}.Debug|iPhoneSimulator.Deploy.0 = Debug|iPhoneSimulator
		{3B42CF8F-7DDD-424E-9492-773487E951CA}.Release|Any CPU.ActiveCfg = Release|iPhone
		{3B42CF8F-7DDD-424E-9492-773487E951CA}.Release|Any CPU.Build.0 = Release|iPhone
		{3B42CF8F-7DDD-424E-9492-773487E951CA}.Release|Any CPU.Deploy.0 = Release|iPhone
		{3B42CF8F-7DDD-424E-9492-773487E951CA}.Release|iPhone.ActiveCfg = Release|iPhone
		{3B42CF8F-7DDD-424E-9492-773487E951CA}.Release|iPhone.Build.0 = Release|iPhone
		{3B42CF8F-7DDD-424E-9492-773487E951CA}.Release|iPhone.Deploy.0 = Release|iPhone
		{3B42CF8F-7DDD-424E-9492-773487E951CA}.Release|iPhoneSimulator.ActiveCfg = Release|iPhoneSimulator
		{3B42CF8F-7DDD-424E-9492-773487E951CA}.Release|iPhoneSimulator.Build.0 = Release|iPhoneSimulator
		{3B42CF8F-7DDD-424E-9492-773487E951CA}.Release|iPhoneSimulator.Deploy.0 = Release|iPhoneSimulator
		{6D9E33D4-2515-409A-B435-02E5AD0CCFC9}.Ad-Hoc|Any CPU.ActiveCfg = Debug|Any CPU
		{6D9E33D4-2515-409A-B435-02E5AD0CCFC9}.Ad-Hoc|Any CPU.Build.0 = Debug|Any CPU
		{6D9E33D4-2515-409A-B435-02E5AD0CCFC9}.Ad-Hoc|Any CPU.Deploy.0 = Debug|Any CPU
		{6D9E33D4-2515-409A-B435-02E5AD0CCFC9}.Ad-Hoc|iPhone.ActiveCfg = Debug|Any CPU
		{6D9E33D4-2515-409A-B435-02E5AD0CCFC9}.Ad-Hoc|iPhone.Build.0 = Debug|Any CPU
		{6D9E33D4-2515-409A-B435-02E5AD0CCFC9}.Ad-Hoc|iPhone.Deploy.0 = Debug|Any CPU
		{6D9E33D4-2515-409A-B435-02E5AD0CCFC9}.Ad-Hoc|iPhoneSimulator.ActiveCfg = Debug|Any CPU
		{6D9E33D4-2515-409A-B435-02E5AD0CCFC9}.Ad-Hoc|iPhoneSimulator.Build.0 = Debug|Any CPU
		{6D9E33D4-2515-409A-B435-02E5AD0CCFC9}.Ad-Hoc|iPhoneSimulator.Deploy.0 = Debug|Any CPU
		{6D9E33D4-2515-409A-B435-02E5AD0CCFC9}.AppStore|Any CPU.ActiveCfg = Debug|Any CPU
		{6D9E33D4-2515-409A-B435-02E5AD0CCFC9}.AppStore|Any CPU.Build.0 = Debug|Any CPU
		{6D9E33D4-2515-409A-B435-02E5AD0CCFC9}.AppStore|Any CPU.Deploy.0 = Debug|Any CPU
		{6D9E33D4-2515-409A-B435-02E5AD0CCFC9}.AppStore|iPhone.ActiveCfg = Debug|Any CPU
		{6D9E33D4-2515-409A-B435-02E5AD0CCFC9}.AppStore|iPhone.Build.0 = Debug|Any CPU
		{6D9E33D4-2515-409A-B435-02E5AD0CCFC9}.AppStore|iPhone.Deploy.0 = Debug|Any CPU
		{6D9E33D4-2515-409A-B435-02E5AD0CCFC9}.AppStore|iPhoneSimulator.ActiveCfg = Debug|Any CPU
		{6D9E33D4-2515-409A-B435-02E5AD0CCFC9}.AppStore|iPhoneSimulator.Build.0 = Debug|Any CPU
		{6D9E33D4-2515-409A-B435-02E5AD0CCFC9}.AppStore|iPhoneSimulator.Deploy.0 = Debug|Any CPU
		{6D9E33D4-2515-409A-B435-02E5AD0CCFC9}.Debug|Any CPU.ActiveCfg = Debug|Any CPU
		{6D9E33D4-2515-409A-B435-02E5AD0CCFC9}.Debug|Any CPU.Build.0 = Debug|Any CPU
		{6D9E33D4-2515-409A-B435-02E5AD0CCFC9}.Debug|Any CPU.Deploy.0 = Debug|Any CPU
		{6D9E33D4-2515-409A-B435-02E5AD0CCFC9}.Debug|iPhone.ActiveCfg = Debug|Any CPU
		{6D9E33D4-2515-409A-B435-02E5AD0CCFC9}.Debug|iPhone.Build.0 = Debug|Any CPU
		{6D9E33D4-2515-409A-B435-02E5AD0CCFC9}.Debug|iPhone.Deploy.0 = Debug|Any CPU
		{6D9E33D4-2515-409A-B435-02E5AD0CCFC9}.Debug|iPhoneSimulator.ActiveCfg = Debug|Any CPU
		{6D9E33D4-2515-409A-B435-02E5AD0CCFC9}.Debug|iPhoneSimulator.Build.0 = Debug|Any CPU
		{6D9E33D4-2515-409A-B435-02E5AD0CCFC9}.Debug|iPhoneSimulator.Deploy.0 = Debug|Any CPU
		{6D9E33D4-2515-409A-B435-02E5AD0CCFC9}.Release|Any CPU.ActiveCfg = Release|Any CPU
		{6D9E33D4-2515-409A-B435-02E5AD0CCFC9}.Release|Any CPU.Build.0 = Release|Any CPU
		{6D9E33D4-2515-409A-B435-02E5AD0CCFC9}.Release|Any CPU.Deploy.0 = Release|Any CPU
		{6D9E33D4-2515-409A-B435-02E5AD0CCFC9}.Release|iPhone.ActiveCfg = Release|Any CPU
		{6D9E33D4-2515-409A-B435-02E5AD0CCFC9}.Release|iPhone.Build.0 = Release|Any CPU
		{6D9E33D4-2515-409A-B435-02E5AD0CCFC9}.Release|iPhone.Deploy.0 = Release|Any CPU
		{6D9E33D4-2515-409A-B435-02E5AD0CCFC9}.Release|iPhoneSimulator.ActiveCfg = Release|Any CPU
		{6D9E33D4-2515-409A-B435-02E5AD0CCFC9}.Release|iPhoneSimulator.Build.0 = Release|Any CPU
		{6D9E33D4-2515-409A-B435-02E5AD0CCFC9}.Release|iPhoneSimulator.Deploy.0 = Release|Any CPU
	EndGlobalSection
	GlobalSection(SolutionProperties) = preSolution
		HideSolutionNode = FALSE
	EndGlobalSection
	GlobalSection(ExtensibilityGlobals) = postSolution
		SolutionGuid = {C056D875-CD29-49CE-998F-7361E180D3EE}
	EndGlobalSection
EndGlobal
